
Microsoft Visual Studio Solution File, Format Version 12.00
# Visual Studio Version 16
VisualStudioVersion = 16.0.29519.87
MinimumVisualStudioVersion = 10.0.40219.1
Project("{FAE04EC0-301F-11D3-BF4B-00C04F79EFBC}") = "HerbalStore.Domain", "HerbalStore.Domain\HerbalStore.Domain.csproj", "{A5D63A70-FC9F-42B1-B83E-D8AACCB2937E}"
EndProject
Project("{FAE04EC0-301F-11D3-BF4B-00C04F79EFBC}") = "HerbalStore.WebUI", "HerbalStore.WebUI\HerbalStore.WebUI.csproj", "{0C1FA5A4-7719-4BD6-8709-432A9058377B}"
EndProject
Project("{FAE04EC0-301F-11D3-BF4B-00C04F79EFBC}") = "HerbalStore.UnitTests", "HerbalStore.UnitTests\HerbalStore.UnitTests.csproj", "{232F6516-BCB3-49FD-A9FE-6F59BF71F861}"
EndProject
Global
	GlobalSection(SolutionConfigurationPlatforms) = preSolution
		Debug|Any CPU = Debug|Any CPU
		Release|Any CPU = Release|Any CPU
	EndGlobalSection
	GlobalSection(ProjectConfigurationPlatforms) = postSolution
		{A5D63A70-FC9F-42B1-B83E-D8AACCB2937E}.Debug|Any CPU.ActiveCfg = Debug|Any CPU
		{A5D63A70-FC9F-42B1-B83E-D8AACCB2937E}.Debug|Any CPU.Build.0 = Debug|Any CPU
		{A5D63A70-FC9F-42B1-B83E-D8AACCB2937E}.Release|Any CPU.ActiveCfg = Release|Any CPU
		{A5D63A70-FC9F-42B1-B83E-D8AACCB2937E}.Release|Any CPU.Build.0 = Release|Any CPU
		{0C1FA5A4-7719-4BD6-8709-432A9058377B}.Debug|Any CPU.ActiveCfg = Debug|Any CPU
		{0C1FA5A4-7719-4BD6-8709-432A9058377B}.Debug|Any CPU.Build.0 = Debug|Any CPU
		{0C1FA5A4-7719-4BD6-8709-432A9058377B}.Release|Any CPU.ActiveCfg = Release|Any CPU
		{0C1FA5A4-7719-4BD6-8709-432A9058377B}.Release|Any CPU.Build.0 = Release|Any CPU
		{232F6516-BCB3-49FD-A9FE-6F59BF71F861}.Debug|Any CPU.ActiveCfg = Debug|Any CPU
		{232F6516-BCB3-49FD-A9FE-6F59BF71F861}.Debug|Any CPU.Build.0 = Debug|Any CPU
		{232F6516-BCB3-49FD-A9FE-6F59BF71F861}.Release|Any CPU.ActiveCfg = Release|Any CPU
		{232F6516-BCB3-49FD-A9FE-6F59BF71F861}.Release|Any CPU.Build.0 = Release|Any CPU
	EndGlobalSection
	GlobalSection(SolutionProperties) = preSolution
		HideSolutionNode = FALSE
	EndGlobalSection
	GlobalSection(ExtensibilityGlobals) = postSolution
		SolutionGuid = {DBEFCA17-3A0A-4EFF-8B7F-1D8F2B3753E4}
	EndGlobalSection
EndGlobal
